
Microsoft Visual Studio Solution File, Format Version 12.00
# Visual Studio Version 17
VisualStudioVersion = 17.2.32519.379
MinimumVisualStudioVersion = 10.0.40219.1
Project("{FAE04EC0-301F-11D3-BF4B-00C04F79EFBC}") = "DemoStoreAPI", "DemoStoreAPI\DemoStoreAPI.csproj", "{3D6F6EEC-B61F-499C-AAFC-19810191DCCA}"
EndProject
Global
	GlobalSection(SolutionConfigurationPlatforms) = preSolution
		Debug|Any CPU = Debug|Any CPU
		Release|Any CPU = Release|Any CPU
	EndGlobalSection
	GlobalSection(ProjectConfigurationPlatforms) = postSolution
		{3D6F6EEC-B61F-499C-AAFC-19810191DCCA}.Debug|Any CPU.ActiveCfg = Debug|Any CPU
		{3D6F6EEC-B61F-499C-AAFC-19810191DCCA}.Debug|Any CPU.Build.0 = Debug|Any CPU
		{3D6F6EEC-B61F-499C-AAFC-19810191DCCA}.Release|Any CPU.ActiveCfg = Release|Any CPU
		{3D6F6EEC-B61F-499C-AAFC-19810191DCCA}.Release|Any CPU.Build.0 = Release|Any CPU
	EndGlobalSection
	GlobalSection(SolutionProperties) = preSolution
		HideSolutionNode = FALSE
	EndGlobalSection
	GlobalSection(ExtensibilityGlobals) = postSolution
		SolutionGuid = {91EBACDF-95A5-4364-A73C-68A7E35F5A8F}
	EndGlobalSection
EndGlobal
